{
  "nodes": {
    "bub-nix": {
      "inputs": {
        "nixpkgs": [
          "nixpkgs"
        ]
      },
      "locked": {
        "lastModified": 1737584660,
        "narHash": "sha256-BKv2VC5JRA1SBwH6uN9q2zhDyCk48SZMCnFlX7o94jc=",
        "owner": "Taconic-Systems",
        "repo": "bub",
        "rev": "d7ff6b49c8c1331aa2cfb9f53949b1d2f4a4ce93",
        "type": "github"
      },
      "original": {
        "owner": "Taconic-Systems",
        "repo": "bub",
        "type": "github"
      }
    },
    "nixpkgs": {
      "locked": {
        "lastModified": 1737404927,
        "narHash": "sha256-e1WgPJpIYbOuokjgylcsuoEUCB4Jl2rQXa2LUD6XAG8=",
        "owner": "NixOS",
        "repo": "nixpkgs",
        "rev": "ae584d90cbd0396a422289ee3efb1f1c9d141dc3",
        "type": "github"
      },
      "original": {
        "owner": "NixOS",
        "ref": "nixos-24.11",
        "repo": "nixpkgs",
        "type": "github"
      }
    },
    "nixpkgs-unstable": {
      "locked": {
        "lastModified": 1737525964,
        "narHash": "sha256-3wFonKmNRWKq1himW9N3TllbeGIHFACI5vmLpk6moF8=",
        "owner": "NixOS",
        "repo": "nixpkgs",
        "rev": "5757bbb8bd7c0630a0cc4bb19c47e588db30b97c",
        "type": "github"
      },
      "original": {
        "owner": "NixOS",
        "ref": "nixpkgs-unstable",
        "repo": "nixpkgs",
        "type": "github"
      }
    },
    "root": {
      "inputs": {
        "bub-nix": "bub-nix",
        "nixpkgs": "nixpkgs",
        "nixpkgs-unstable": "nixpkgs-unstable"
      }
    }
  },
  "root": "root",
  "version": 7
}
